// !$*UTF8*$!
{
	archiveVersion = 1;
	classes = {
	};
	objectVersion = 50;
	objects = {

/* Begin PBXBuildFile section */
		059D3923A245EAD139A5F138 /* libPods-TestProtobuf.a in Frameworks */ = {isa = PBXBuildFile; fileRef = E6D1444C261B09E574C9146A /* libPods-TestProtobuf.a */; };
		2E3BE7182223925C00101764 /* AppDelegate.m in Sources */ = {isa = PBXBuildFile; fileRef = 2E3BE7172223925C00101764 /* AppDelegate.m */; };
		2E3BE71B2223925C00101764 /* ViewController.m in Sources */ = {isa = PBXBuildFile; fileRef = 2E3BE71A2223925C00101764 /* ViewController.m */; };
		2E3BE71E2223925C00101764 /* Main.storyboard in Resources */ = {isa = PBXBuildFile; fileRef = 2E3BE71C2223925C00101764 /* Main.storyboard */; };
		2E3BE7202223925D00101764 /* Assets.xcassets in Resources */ = {isa = PBXBuildFile; fileRef = 2E3BE71F2223925D00101764 /* Assets.xcassets */; };
		2E3BE7232223925D00101764 /* LaunchScreen.storyboard in Resources */ = {isa = PBXBuildFile; fileRef = 2E3BE7212223925D00101764 /* LaunchScreen.storyboard */; };
		2E3BE7262223925D00101764 /* main.m in Sources */ = {isa = PBXBuildFile; fileRef = 2E3BE7252223925D00101764 /* main.m */; };
		2E4D7FD022239C0F00787423 /* User.m in Sources */ = {isa = PBXBuildFile; fileRef = 2E4D7FCE22239C0F00787423 /* User.m */; };
/* End PBXBuildFile section */

/* Begin PBXFileReference section */
		00A06BC43EF04FE11CCB8333 /* Pods-TestProtobuf.debug.xcconfig */ = {isa = PBXFileReference; includeInIndex = 1; lastKnownFileType = text.xcconfig; name = "Pods-TestProtobuf.debug.xcconfig"; path = "Pods/Target Support Files/Pods-TestProtobuf/Pods-TestProtobuf.debug.xcconfig"; sourceTree = "<group>"; };
		2E3BE7132223925C00101764 /* TestProtobuf.app */ = {isa = PBXFileReference; explicitFileType = wrapper.application; includeInIndex = 0; path = TestProtobuf.app; sourceTree = BUILT_PRODUCTS_DIR; };
		2E3BE7162223925C00101764 /* AppDelegate.h */ = {isa = PBXFileReference; lastKnownFileType = sourcecode.c.h; path = AppDelegate.h; sourceTree = "<group>"; };
		2E3BE7172223925C00101764 /* AppDelegate.m */ = {isa = PBXFileReference; lastKnownFileType = sourcecode.c.objc; path = AppDelegate.m; sourceTree = "<group>"; };
		2E3BE7192223925C00101764 /* ViewController.h */ = {isa = PBXFileReference; lastKnownFileType = sourcecode.c.h; path = ViewController.h; sourceTree = "<group>"; };
		2E3BE71A2223925C00101764 /* ViewController.m */ = {isa = PBXFileReference; lastKnownFileType = sourcecode.c.objc; path = ViewController.m; sourceTree = "<group>"; };
		2E3BE71D2223925C00101764 /* Base */ = {isa = PBXFileReference; lastKnownFileType = file.storyboard; name = Base; path = Base.lproj/Main.storyboard; sourceTree = "<group>"; };
		2E3BE71F2223925D00101764 /* Assets.xcassets */ = {isa = PBXFileReference; lastKnownFileType = folder.assetcatalog; path = Assets.xcassets; sourceTree = "<group>"; };
		2E3BE7222223925D00101764 /* Base */ = {isa = PBXFileReference; lastKnownFileType = file.storyboard; name = Base; path = Base.lproj/LaunchScreen.storyboard; sourceTree = "<group>"; };
		2E3BE7242223925D00101764 /* Info.plist */ = {isa = PBXFileReference; lastKnownFileType = text.plist.xml; path = Info.plist; sourceTree = "<group>"; };
		2E3BE7252223925D00101764 /* main.m */ = {isa = PBXFileReference; lastKnownFileType = sourcecode.c.objc; path = main.m; sourceTree = "<group>"; };
		2E4D7FCE22239C0F00787423 /* User.m */ = {isa = PBXFileReference; fileEncoding = 4; lastKnownFileType = sourcecode.c.objc; path = User.m; sourceTree = "<group>"; };
		2E4D7FCF22239C0F00787423 /* User.h */ = {isa = PBXFileReference; fileEncoding = 4; lastKnownFileType = sourcecode.c.h; path = User.h; sourceTree = "<group>"; };
		7DB93FAD00DA7694C0C089C1 /* Pods-TestProtobuf.release.xcconfig */ = {isa = PBXFileReference; includeInIndex = 1; lastKnownFileType = text.xcconfig; name = "Pods-TestProtobuf.release.xcconfig"; path = "Pods/Target Support Files/Pods-TestProtobuf/Pods-TestProtobuf.release.xcconfig"; sourceTree = "<group>"; };
		E6D1444C261B09E574C9146A /* libPods-TestProtobuf.a */ = {isa = PBXFileReference; explicitFileType = archive.ar; includeInIndex = 0; path = "libPods-TestProtobuf.a"; sourceTree = BUILT_PRODUCTS_DIR; };
/* End PBXFileReference section */

/* Begin PBXFrameworksBuildPhase section */
		2E3BE7102223925C00101764 /* Frameworks */ = {
			isa = PBXFrameworksBuildPhase;
			buildActionMask = 2147483647;
			files = (
				059D3923A245EAD139A5F138 /* libPods-TestProtobuf.a in Frameworks */,
			);
			runOnlyForDeploymentPostprocessing = 0;
		};
/* End PBXFrameworksBuildPhase section */

/* Begin PBXGroup section */
		2E3BE70A2223925C00101764 = {
			isa = PBXGroup;
			children = (
				2E3BE7152223925C00101764 /* TestProtobuf */,
				2E3BE7142223925C00101764 /* Products */,
				CC3C71190734DADA1B96A3E8 /* Pods */,
				FB58E731A392100D377F2448 /* Frameworks */,
			);
			sourceTree = "<group>";
		};
		2E3BE7142223925C00101764 /* Products */ = {
			isa = PBXGroup;
			children = (
				2E3BE7132223925C00101764 /* TestProtobuf.app */,
			);
			name = Products;
			sourceTree = "<group>";
		};
		2E3BE7152223925C00101764 /* TestProtobuf */ = {
			isa = PBXGroup;
			children = (
				2E3BE72C2223926F00101764 /* Models */,
				2E3BE7162223925C00101764 /* AppDelegate.h */,
				2E3BE7172223925C00101764 /* AppDelegate.m */,
				2E3BE7192223925C00101764 /* ViewController.h */,
				2E3BE71A2223925C00101764 /* ViewController.m */,
				2E3BE71C2223925C00101764 /* Main.storyboard */,
				2E3BE71F2223925D00101764 /* Assets.xcassets */,
				2E3BE7212223925D00101764 /* LaunchScreen.storyboard */,
				2E3BE7242223925D00101764 /* Info.plist */,
				2E3BE7252223925D00101764 /* main.m */,
			);
			path = TestProtobuf;
			sourceTree = "<group>";
		};
		2E3BE72C2223926F00101764 /* Models */ = {
			isa = PBXGroup;
			children = (
				2E4D7FCF22239C0F00787423 /* User.h */,
				2E4D7FCE22239C0F00787423 /* User.m */,
			);
			path = Models;
			sourceTree = "<group>";
		};
		CC3C71190734DADA1B96A3E8 /* Pods */ = {
			isa = PBXGroup;
			children = (
				00A06BC43EF04FE11CCB8333 /* Pods-TestProtobuf.debug.xcconfig */,
				7DB93FAD00DA7694C0C089C1 /* Pods-TestProtobuf.release.xcconfig */,
			);
			name = Pods;
			sourceTree = "<group>";
		};
		FB58E731A392100D377F2448 /* Frameworks */ = {
			isa = PBXGroup;
			children = (
				E6D1444C261B09E574C9146A /* libPods-TestProtobuf.a */,
			);
			name = Frameworks;
			sourceTree = "<group>";
		};
/* End PBXGroup section */

/* Begin PBXNativeTarget section */
		2E3BE7122223925C00101764 /* TestProtobuf */ = {
			isa = PBXNativeTarget;
			buildConfigurationList = 2E3BE7292223925D00101764 /* Build configuration list for PBXNativeTarget "TestProtobuf" */;
			buildPhases = (
				7F514EF2CD9299F7F9A02644 /* [CP] Check Pods Manifest.lock */,
				2E3BE70F2223925C00101764 /* Sources */,
				2E3BE7102223925C00101764 /* Frameworks */,
				2E3BE7112223925C00101764 /* Resources */,
			);
			buildRules = (
			);
			dependencies = (
			);
			name = TestProtobuf;
			productName = TestProtobuf;
			productReference = 2E3BE7132223925C00101764 /* TestProtobuf.app */;
			productType = "com.apple.product-type.application";
		};
/* End PBXNativeTarget section */

/* Begin PBXProject section */
		2E3BE70B2223925C00101764 /* Project object */ = {
			isa = PBXProject;
			attributes = {
				LastUpgradeCheck = 1010;
				ORGANIZATIONNAME = "Mostar Chow";
				TargetAttributes = {
					2E3BE7122223925C00101764 = {
						CreatedOnToolsVersion = 10.1;
					};
				};
			};
			buildConfigurationList = 2E3BE70E2223925C00101764 /* Build configuration list for PBXProject "TestProtobuf" */;
			compatibilityVersion = "Xcode 9.3";
			developmentRegion = en;
			hasScannedForEncodings = 0;
			knownRegions = (
				en,
				Base,
			);
			mainGroup = 2E3BE70A2223925C00101764;
			productRefGroup = 2E3BE7142223925C00101764 /* Products */;
			projectDirPath = "";
			projectRoot = "";
			targets = (
				2E3BE7122223925C00101764 /* TestProtobuf */,
			);
		};
/* End PBXProject section */

/* Begin PBXResourcesBuildPhase section */
		2E3BE7112223925C00101764 /* Resources */ = {
			isa = PBXResourcesBuildPhase;
			buildActionMask = 2147483647;
			files = (
				2E3BE7232223925D00101764 /* LaunchScreen.storyboard in Resources */,
				2E3BE7202223925D00101764 /* Assets.xcassets in Resources */,
				2E3BE71E2223925C00101764 /* Main.storyboard in Resources */,
			);
			runOnlyForDeploymentPostprocessing = 0;
		};
/* End PBXResourcesBuildPhase section */

/* Begin PBXShellScriptBuildPhase section */
		7F514EF2CD9299F7F9A02644 /* [CP] Check Pods Manifest.lock */ = {
			isa = PBXShellScriptBuildPhase;
			buildActionMask = 2147483647;
			files = (
			);
			inputFileListPaths = (
			);
			inputPaths = (
				"${PODS_PODFILE_DIR_PATH}/Podfile.lock",
				"${PODS_ROOT}/Manifest.lock",
			);
			name = "[CP] Check Pods Manifest.lock";
			outputFileListPaths = (
			);
			outputPaths = (
				"$(DERIVED_FILE_DIR)/Pods-TestProtobuf-checkManifestLockResult.txt",
			);
			runOnlyForDeploymentPostprocessing = 0;
			shellPath = /bin/sh;
			shellScript = "diff \"${PODS_PODFILE_DIR_PATH}/Podfile.lock\" \"${PODS_ROOT}/Manifest.lock\" > /dev/null\nif [ $? != 0 ] ; then\n    # print error to STDERR\n    echo \"error: The sandbox is not in sync with the Podfile.lock. Run 'pod install' or update your CocoaPods installation.\" >&2\n    exit 1\nfi\n# This output is used by Xcode 'outputs' to avoid re-running this script phase.\necho \"SUCCESS\" > \"${SCRIPT_OUTPUT_FILE_0}\"\n";
			showEnvVarsInLog = 0;
		};
/* End PBXShellScriptBuildPhase section */

/* Begin PBXSourcesBuildPhase section */
		2E3BE70F2223925C00101764 /* Sources */ = {
			isa = PBXSourcesBuildPhase;
			buildActionMask = 2147483647;
			files = (
				2E3BE71B2223925C00101764 /* ViewController.m in Sources */,
				2E4D7FD022239C0F00787423 /* User.m in Sources */,
				2E3BE7262223925D00101764 /* main.m in Sources */,
				2E3BE7182223925C00101764 /* AppDelegate.m in Sources */,
			);
			runOnlyForDeploymentPostprocessing = 0;
		};
/* End PBXSourcesBuildPhase section */

/* Begin PBXVariantGroup section */
		2E3BE71C2223925C00101764 /* Main.storyboard */ = {
			isa = PBXVariantGroup;
			children = (
				2E3BE71D2223925C00101764 /* Base */,
			);
			name = Main.storyboard;
			sourceTree = "<group>";
		};
		2E3BE7212223925D00101764 /* LaunchScreen.storyboard */ = {
			isa = PBXVariantGroup;
			children = (
				2E3BE7222223925D00101764 /* Base */,
			);
			name = LaunchScreen.storyboard;
			sourceTree = "<group>";
		};
/* End PBXVariantGroup section */

/* Begin XCBuildConfiguration section */
		2E3BE7272223925D00101764 /* Debug */ = {
			isa = XCBuildConfiguration;
			buildSettings = {
				ALWAYS_SEARCH_USER_PATHS = NO;
				CLANG_ANALYZER_NONNULL = YES;
				CLANG_ANALYZER_NUMBER_OBJECT_CONVERSION = YES_AGGRESSIVE;
				CLANG_CXX_LANGUAGE_STANDARD = "gnu++14";
				CLANG_CXX_LIBRARY = "libc++";
				CLANG_ENABLE_MODULES = YES;
				CLANG_ENABLE_OBJC_ARC = YES;
				CLANG_ENABLE_OBJC_WEAK = YES;
				CLANG_WARN_BLOCK_CAPTURE_AUTORELEASING = YES;
				CLANG_WARN_BOOL_CONVERSION = YES;
				CLANG_WARN_COMMA = YES;
				CLANG_WARN_CONSTANT_CONVERSION = YES;
				CLANG_WARN_DEPRECATED_OBJC_IMPLEMENTATIONS = YES;
				CLANG_WARN_DIRECT_OBJC_ISA_USAGE = YES_ERROR;
				CLANG_WARN_DOCUMENTATION_COMMENTS = YES;
				CLANG_WARN_EMPTY_BODY = YES;
				CLANG_WARN_ENUM_CONVERSION = YES;
				CLANG_WARN_INFINITE_RECURSION = YES;
				CLANG_WARN_INT_CONVERSION = YES;
				CLANG_WARN_NON_LITERAL_NULL_CONVERSION = YES;
				CLANG_WARN_OBJC_IMPLICIT_RETAIN_SELF = YES;
				CLANG_WARN_OBJC_LITERAL_CONVERSION = YES;
				CLANG_WARN_OBJC_ROOT_CLASS = YES_ERROR;
				CLANG_WARN_RANGE_LOOP_ANALYSIS = YES;
				CLANG_WARN_STRICT_PROTOTYPES = YES;
				CLANG_WARN_SUSPICIOUS_MOVE = YES;
				CLANG_WARN_UNGUARDED_AVAILABILITY = YES_AGGRESSIVE;
				CLANG_WARN_UNREACHABLE_CODE = YES;
				CLANG_WARN__DUPLICATE_METHOD_MATCH = YES;
				CODE_SIGN_IDENTITY = "iPhone Developer";
				COPY_PHASE_STRIP = NO;
				DEBUG_INFORMATION_FORMAT = dwarf;
				ENABLE_STRICT_OBJC_MSGSEND = YES;
				ENABLE_TESTABILITY = YES;
				GCC_C_LANGUAGE_STANDARD = gnu11;
				GCC_DYNAMIC_NO_PIC = NO;
				GCC_NO_COMMON_BLOCKS = YES;
				GCC_OPTIMIZATION_LEVEL = 0;
				GCC_PREPROCESSOR_DEFINITIONS = (
					"DEBUG=1",
					"$(inherited)",
				);
				GCC_WARN_64_TO_32_BIT_CONVERSION = YES;
				GCC_WARN_ABOUT_RETURN_TYPE = YES_ERROR;
				GCC_WARN_UNDECLARED_SELECTOR = YES;
				GCC_WARN_UNINITIALIZED_AUTOS = YES_AGGRESSIVE;
				GCC_WARN_UNUSED_FUNCTION = YES;
				GCC_WARN_UNUSED_VARIABLE = YES;
				IPHONEOS_DEPLOYMENT_TARGET = 12.1;
				MTL_ENABLE_DEBUG_INFO = INCLUDE_SOURCE;
				MTL_FAST_MATH = YES;
				ONLY_ACTIVE_ARCH = YES;
				SDKROOT = iphoneos;
			};
			name = Debug;
		};
		2E3BE7282223925D00101764 /* Release */ = {
			isa = XCBuildConfiguration;
			buildSettings = {
				ALWAYS_SEARCH_USER_PATHS = NO;
				CLANG_ANALYZER_NONNULL = YES;
				CLANG_ANALYZER_NUMBER_OBJECT_CONVERSION = YES_AGGRESSIVE;
				CLANG_CXX_LANGUAGE_STANDARD = "gnu++14";
				CLANG_CXX_LIBRARY = "libc++";
				CLANG_ENABLE_MODULES = YES;
				CLANG_ENABLE_OBJC_ARC = YES;
				CLANG_ENABLE_OBJC_WEAK = YES;
				CLANG_WARN_BLOCK_CAPTURE_AUTORELEASING = YES;
				CLANG_WARN_BOOL_CONVERSION = YES;
				CLANG_WARN_COMMA = YES;
				CLANG_WARN_CONSTANT_CONVERSION = YES;
				CLANG_WARN_DEPRECATED_OBJC_IMPLEMENTATIONS = YES;
				CLANG_WARN_DIRECT_OBJC_ISA_USAGE = YES_ERROR;
				CLANG_WARN_DOCUMENTATION_COMMENTS = YES;
				CLANG_WARN_EMPTY_BODY = YES;
				CLANG_WARN_ENUM_CONVERSION = YES;
				CLANG_WARN_INFINITE_RECURSION = YES;
				CLANG_WARN_INT_CONVERSION = YES;
				CLANG_WARN_NON_LITERAL_NULL_CONVERSION = YES;
				CLANG_WARN_OBJC_IMPLICIT_RETAIN_SELF = YES;
				CLANG_WARN_OBJC_LITERAL_CONVERSION = YES;
				CLANG_WARN_OBJC_ROOT_CLASS = YES_ERROR;
				CLANG_WARN_RANGE_LOOP_ANALYSIS = YES;
				CLANG_WARN_STRICT_PROTOTYPES = YES;
				CLANG_WARN_SUSPICIOUS_MOVE = YES;
				CLANG_WARN_UNGUARDED_AVAILABILITY = YES_AGGRESSIVE;
				CLANG_WARN_UNREACHABLE_CODE = YES;
				CLANG_WARN__DUPLICATE_METHOD_MATCH = YES;
				CODE_SIGN_IDENTITY = "iPhone Developer";
				COPY_PHASE_STRIP = NO;
				DEBUG_INFORMATION_FORMAT = "dwarf-with-dsym";
				ENABLE_NS_ASSERTIONS = NO;
				ENABLE_STRICT_OBJC_MSGSEND = YES;
				GCC_C_LANGUAGE_STANDARD = gnu11;
				GCC_NO_COMMON_BLOCKS = YES;
				GCC_WARN_64_TO_32_BIT_CONVERSION = YES;
				GCC_WARN_ABOUT_RETURN_TYPE = YES_ERROR;
				GCC_WARN_UNDECLARED_SELECTOR = YES;
				GCC_WARN_UNINITIALIZED_AUTOS = YES_AGGRESSIVE;
				GCC_WARN_UNUSED_FUNCTION = YES;
				GCC_WARN_UNUSED_VARIABLE = YES;
				IPHONEOS_DEPLOYMENT_TARGET = 12.1;
				MTL_ENABLE_DEBUG_INFO = NO;
				MTL_FAST_MATH = YES;
				SDKROOT = iphoneos;
				VALIDATE_PRODUCT = YES;
			};
			name = Release;
		};
		2E3BE72A2223925D00101764 /* Debug */ = {
			isa = XCBuildConfiguration;
			baseConfigurationReference = 00A06BC43EF04FE11CCB8333 /* Pods-TestProtobuf.debug.xcconfig */;
			buildSettings = {
				ASSETCATALOG_COMPILER_APPICON_NAME = AppIcon;
				CODE_SIGN_STYLE = Automatic;
				DEVELOPMENT_TEAM = D3K67W2HLE;
				INFOPLIST_FILE = TestProtobuf/Info.plist;
				LD_RUNPATH_SEARCH_PATHS = (
					"$(inherited)",
					"@executable_path/Frameworks",
				);
				PRODUCT_BUNDLE_IDENTIFIER = com.mostar.tools.TestProtobuf;
				PRODUCT_NAME = "$(TARGET_NAME)";
				TARGETED_DEVICE_FAMILY = "1,2";
			};
			name = Debug;
		};
		2E3BE72B2223925D00101764 /* Release */ = {
			isa = XCBuildConfiguration;
			baseConfigurationReference = 7DB93FAD00DA7694C0C089C1 /* Pods-TestProtobuf.release.xcconfig */;
			buildSettings = {
				ASSETCATALOG_COMPILER_APPICON_NAME = AppIcon;
				CODE_SIGN_STYLE = Automatic;
				DEVELOPMENT_TEAM = D3K67W2HLE;
				INFOPLIST_FILE = TestProtobuf/Info.plist;
				LD_RUNPATH_SEARCH_PATHS = (
					"$(inherited)",
					"@executable_path/Frameworks",
				);
				PRODUCT_BUNDLE_IDENTIFIER = com.mostar.tools.TestProtobuf;
				PRODUCT_NAME = "$(TARGET_NAME)";
				TARGETED_DEVICE_FAMILY = "1,2";
			};
			name = Release;
		};
/* End XCBuildConfiguration section */

/* Begin XCConfigurationList section */
		2E3BE70E2223925C00101764 /* Build configuration list for PBXProject "TestProtobuf" */ = {
			isa = XCConfigurationList;
			buildConfigurations = (
				2E3BE7272223925D00101764 /* Debug */,
				2E3BE7282223925D00101764 /* Release */,
			);
			defaultConfigurationIsVisible = 0;
			defaultConfigurationName = Release;
		};
		2E3BE7292223925D00101764 /* Build configuration list for PBXNativeTarget "TestProtobuf" */ = {
			isa = XCConfigurationList;
			buildConfigurations = (
				2E3BE72A2223925D00101764 /* Debug */,
				2E3BE72B2223925D00101764 /* Release */,
			);
			defaultConfigurationIsVisible = 0;
			defaultConfigurationName = Release;
		};
/* End XCConfigurationList section */
	};
	rootObject = 2E3BE70B2223925C00101764 /* Project object */;
}
